// !$*UTF8*$!
{
	archiveVersion = 1;
	classes = {
	};
	objectVersion = 50;
	objects = {

/* Begin PBXBuildFile section */
		D9F7C92623429D3A0019B2A9 /* AppDelegate.swift in Sources */ = {isa = PBXBuildFile; fileRef = D9F7C92523429D3A0019B2A9 /* AppDelegate.swift */; };
		D9F7C92823429D3A0019B2A9 /* ViewController.swift in Sources */ = {isa = PBXBuildFile; fileRef = D9F7C92723429D3A0019B2A9 /* ViewController.swift */; };
		D9F7C92B23429D3A0019B2A9 /* Main.storyboard in Resources */ = {isa = PBXBuildFile; fileRef = D9F7C92923429D3A0019B2A9 /* Main.storyboard */; };
		D9F7C92D23429D3C0019B2A9 /* Assets.xcassets in Resources */ = {isa = PBXBuildFile; fileRef = D9F7C92C23429D3C0019B2A9 /* Assets.xcassets */; };
		D9F7C93023429D3C0019B2A9 /* LaunchScreen.storyboard in Resources */ = {isa = PBXBuildFile; fileRef = D9F7C92E23429D3C0019B2A9 /* LaunchScreen.storyboard */; };
		D9F7C93B23429D3C0019B2A9 /* Projeto2Tests.swift in Sources */ = {isa = PBXBuildFile; fileRef = D9F7C93A23429D3C0019B2A9 /* Projeto2Tests.swift */; };
		D9F7C94623429D3C0019B2A9 /* Projeto2UITests.swift in Sources */ = {isa = PBXBuildFile; fileRef = D9F7C94523429D3C0019B2A9 /* Projeto2UITests.swift */; };
/* End PBXBuildFile section */

/* Begin PBXContainerItemProxy section */
		D9F7C93723429D3C0019B2A9 /* PBXContainerItemProxy */ = {
			isa = PBXContainerItemProxy;
			containerPortal = D9F7C91A23429D3A0019B2A9 /* Project object */;
			proxyType = 1;
			remoteGlobalIDString = D9F7C92123429D3A0019B2A9;
			remoteInfo = Projeto2;
		};
		D9F7C94223429D3C0019B2A9 /* PBXContainerItemProxy */ = {
			isa = PBXContainerItemProxy;
			containerPortal = D9F7C91A23429D3A0019B2A9 /* Project object */;
			proxyType = 1;
			remoteGlobalIDString = D9F7C92123429D3A0019B2A9;
			remoteInfo = Projeto2;
		};
/* End PBXContainerItemProxy section */

/* Begin PBXFileReference section */
		D9F7C92223429D3A0019B2A9 /* Projeto2.app */ = {isa = PBXFileReference; explicitFileType = wrapper.application; includeInIndex = 0; path = Projeto2.app; sourceTree = BUILT_PRODUCTS_DIR; };
		D9F7C92523429D3A0019B2A9 /* AppDelegate.swift */ = {isa = PBXFileReference; lastKnownFileType = sourcecode.swift; path = AppDelegate.swift; sourceTree = "<group>"; };
		D9F7C92723429D3A0019B2A9 /* ViewController.swift */ = {isa = PBXFileReference; lastKnownFileType = sourcecode.swift; path = ViewController.swift; sourceTree = "<group>"; };
		D9F7C92A23429D3A0019B2A9 /* Base */ = {isa = PBXFileReference; lastKnownFileType = file.storyboard; name = Base; path = Base.lproj/Main.storyboard; sourceTree = "<group>"; };
		D9F7C92C23429D3C0019B2A9 /* Assets.xcassets */ = {isa = PBXFileReference; lastKnownFileType = folder.assetcatalog; path = Assets.xcassets; sourceTree = "<group>"; };
		D9F7C92F23429D3C0019B2A9 /* Base */ = {isa = PBXFileReference; lastKnownFileType = file.storyboard; name = Base; path = Base.lproj/LaunchScreen.storyboard; sourceTree = "<group>"; };
		D9F7C93123429D3C0019B2A9 /* Info.plist */ = {isa = PBXFileReference; lastKnownFileType = text.plist.xml; path = Info.plist; sourceTree = "<group>"; };
		D9F7C93623429D3C0019B2A9 /* Projeto2Tests.xctest */ = {isa = PBXFileReference; explicitFileType = wrapper.cfbundle; includeInIndex = 0; path = Projeto2Tests.xctest; sourceTree = BUILT_PRODUCTS_DIR; };
		D9F7C93A23429D3C0019B2A9 /* Projeto2Tests.swift */ = {isa = PBXFileReference; lastKnownFileType = sourcecode.swift; path = Projeto2Tests.swift; sourceTree = "<group>"; };
		D9F7C93C23429D3C0019B2A9 /* Info.plist */ = {isa = PBXFileReference; lastKnownFileType = text.plist.xml; path = Info.plist; sourceTree = "<group>"; };
		D9F7C94123429D3C0019B2A9 /* Projeto2UITests.xctest */ = {isa = PBXFileReference; explicitFileType = wrapper.cfbundle; includeInIndex = 0; path = Projeto2UITests.xctest; sourceTree = BUILT_PRODUCTS_DIR; };
		D9F7C94523429D3C0019B2A9 /* Projeto2UITests.swift */ = {isa = PBXFileReference; lastKnownFileType = sourcecode.swift; path = Projeto2UITests.swift; sourceTree = "<group>"; };
		D9F7C94723429D3C0019B2A9 /* Info.plist */ = {isa = PBXFileReference; lastKnownFileType = text.plist.xml; path = Info.plist; sourceTree = "<group>"; };
/* End PBXFileReference section */

/* Begin PBXFrameworksBuildPhase section */
		D9F7C91F23429D3A0019B2A9 /* Frameworks */ = {
			isa = PBXFrameworksBuildPhase;
			buildActionMask = 2147483647;
			files = (
			);
			runOnlyForDeploymentPostprocessing = 0;
		};
		D9F7C93323429D3C0019B2A9 /* Frameworks */ = {
			isa = PBXFrameworksBuildPhase;
			buildActionMask = 2147483647;
			files = (
			);
			runOnlyForDeploymentPostprocessing = 0;
		};
		D9F7C93E23429D3C0019B2A9 /* Frameworks */ = {
			isa = PBXFrameworksBuildPhase;
			buildActionMask = 2147483647;
			files = (
			);
			runOnlyForDeploymentPostprocessing = 0;
		};
/* End PBXFrameworksBuildPhase section */

/* Begin PBXGroup section */
		D9F7C91923429D3A0019B2A9 = {
			isa = PBXGroup;
			children = (
				D9F7C92423429D3A0019B2A9 /* Projeto2 */,
				D9F7C93923429D3C0019B2A9 /* Projeto2Tests */,
				D9F7C94423429D3C0019B2A9 /* Projeto2UITests */,
				D9F7C92323429D3A0019B2A9 /* Products */,
			);
			sourceTree = "<group>";
		};
		D9F7C92323429D3A0019B2A9 /* Products */ = {
			isa = PBXGroup;
			children = (
				D9F7C92223429D3A0019B2A9 /* Projeto2.app */,
				D9F7C93623429D3C0019B2A9 /* Projeto2Tests.xctest */,
				D9F7C94123429D3C0019B2A9 /* Projeto2UITests.xctest */,
			);
			name = Products;
			sourceTree = "<group>";
		};
		D9F7C92423429D3A0019B2A9 /* Projeto2 */ = {
			isa = PBXGroup;
			children = (
				D9F7C92523429D3A0019B2A9 /* AppDelegate.swift */,
				D9F7C92723429D3A0019B2A9 /* ViewController.swift */,
				D9F7C92923429D3A0019B2A9 /* Main.storyboard */,
				D9F7C92C23429D3C0019B2A9 /* Assets.xcassets */,
				D9F7C92E23429D3C0019B2A9 /* LaunchScreen.storyboard */,
				D9F7C93123429D3C0019B2A9 /* Info.plist */,
			);
			path = Projeto2;
			sourceTree = "<group>";
		};
		D9F7C93923429D3C0019B2A9 /* Projeto2Tests */ = {
			isa = PBXGroup;
			children = (
				D9F7C93A23429D3C0019B2A9 /* Projeto2Tests.swift */,
				D9F7C93C23429D3C0019B2A9 /* Info.plist */,
			);
			path = Projeto2Tests;
			sourceTree = "<group>";
		};
		D9F7C94423429D3C0019B2A9 /* Projeto2UITests */ = {
			isa = PBXGroup;
			children = (
				D9F7C94523429D3C0019B2A9 /* Projeto2UITests.swift */,
				D9F7C94723429D3C0019B2A9 /* Info.plist */,
			);
			path = Projeto2UITests;
			sourceTree = "<group>";
		};
/* End PBXGroup section */

/* Begin PBXNativeTarget section */
		D9F7C92123429D3A0019B2A9 /* Projeto2 */ = {
			isa = PBXNativeTarget;
			buildConfigurationList = D9F7C94A23429D3C0019B2A9 /* Build configuration list for PBXNativeTarget "Projeto2" */;
			buildPhases = (
				D9F7C91E23429D3A0019B2A9 /* Sources */,
				D9F7C91F23429D3A0019B2A9 /* Frameworks */,
				D9F7C92023429D3A0019B2A9 /* Resources */,
			);
			buildRules = (
			);
			dependencies = (
			);
			name = Projeto2;
			productName = Projeto2;
			productReference = D9F7C92223429D3A0019B2A9 /* Projeto2.app */;
			productType = "com.apple.product-type.application";
		};
		D9F7C93523429D3C0019B2A9 /* Projeto2Tests */ = {
			isa = PBXNativeTarget;
			buildConfigurationList = D9F7C94D23429D3C0019B2A9 /* Build configuration list for PBXNativeTarget "Projeto2Tests" */;
			buildPhases = (
				D9F7C93223429D3C0019B2A9 /* Sources */,
				D9F7C93323429D3C0019B2A9 /* Frameworks */,
				D9F7C93423429D3C0019B2A9 /* Resources */,
			);
			buildRules = (
			);
			dependencies = (
				D9F7C93823429D3C0019B2A9 /* PBXTargetDependency */,
			);
			name = Projeto2Tests;
			productName = Projeto2Tests;
			productReference = D9F7C93623429D3C0019B2A9 /* Projeto2Tests.xctest */;
			productType = "com.apple.product-type.bundle.unit-test";
		};
		D9F7C94023429D3C0019B2A9 /* Projeto2UITests */ = {
			isa = PBXNativeTarget;
			buildConfigurationList = D9F7C95023429D3C0019B2A9 /* Build configuration list for PBXNativeTarget "Projeto2UITests" */;
			buildPhases = (
				D9F7C93D23429D3C0019B2A9 /* Sources */,
				D9F7C93E23429D3C0019B2A9 /* Frameworks */,
				D9F7C93F23429D3C0019B2A9 /* Resources */,
			);
			buildRules = (
			);
			dependencies = (
				D9F7C94323429D3C0019B2A9 /* PBXTargetDependency */,
			);
			name = Projeto2UITests;
			productName = Projeto2UITests;
			productReference = D9F7C94123429D3C0019B2A9 /* Projeto2UITests.xctest */;
			productType = "com.apple.product-type.bundle.ui-testing";
		};
/* End PBXNativeTarget section */

/* Begin PBXProject section */
		D9F7C91A23429D3A0019B2A9 /* Project object */ = {
			isa = PBXProject;
			attributes = {
				LastSwiftUpdateCheck = 1030;
				LastUpgradeCheck = 1030;
				ORGANIZATIONNAME = "humberto Lima";
				TargetAttributes = {
					D9F7C92123429D3A0019B2A9 = {
						CreatedOnToolsVersion = 10.3;
					};
					D9F7C93523429D3C0019B2A9 = {
						CreatedOnToolsVersion = 10.3;
						TestTargetID = D9F7C92123429D3A0019B2A9;
					};
					D9F7C94023429D3C0019B2A9 = {
						CreatedOnToolsVersion = 10.3;
						TestTargetID = D9F7C92123429D3A0019B2A9;
					};
				};
			};
			buildConfigurationList = D9F7C91D23429D3A0019B2A9 /* Build configuration list for PBXProject "Projeto2" */;
			compatibilityVersion = "Xcode 9.3";
			developmentRegion = en;
			hasScannedForEncodings = 0;
			knownRegions = (
				en,
				Base,
			);
			mainGroup = D9F7C91923429D3A0019B2A9;
			productRefGroup = D9F7C92323429D3A0019B2A9 /* Products */;
			projectDirPath = "";
			projectRoot = "";
			targets = (
				D9F7C92123429D3A0019B2A9 /* Projeto2 */,
				D9F7C93523429D3C0019B2A9 /* Projeto2Tests */,
				D9F7C94023429D3C0019B2A9 /* Projeto2UITests */,
			);
		};
/* End PBXProject section */

/* Begin PBXResourcesBuildPhase section */
		D9F7C92023429D3A0019B2A9 /* Resources */ = {
			isa = PBXResourcesBuildPhase;
			buildActionMask = 2147483647;
			files = (
				D9F7C93023429D3C0019B2A9 /* LaunchScreen.storyboard in Resources */,
				D9F7C92D23429D3C0019B2A9 /* Assets.xcassets in Resources */,
				D9F7C92B23429D3A0019B2A9 /* Main.storyboard in Resources */,
			);
			runOnlyForDeploymentPostprocessing = 0;
		};
		D9F7C93423429D3C0019B2A9 /* Resources */ = {
			isa = PBXResourcesBuildPhase;
			buildActionMask = 2147483647;
			files = (
			);
			runOnlyForDeploymentPostprocessing = 0;
		};
		D9F7C93F23429D3C0019B2A9 /* Resources */ = {
			isa = PBXResourcesBuildPhase;
			buildActionMask = 2147483647;
			files = (
			);
			runOnlyForDeploymentPostprocessing = 0;
		};
/* End PBXResourcesBuildPhase section */

/* Begin PBXSourcesBuildPhase section */
		D9F7C91E23429D3A0019B2A9 /* Sources */ = {
			isa = PBXSourcesBuildPhase;
			buildActionMask = 2147483647;
			files = (
				D9F7C92823429D3A0019B2A9 /* ViewController.swift in Sources */,
				D9F7C92623429D3A0019B2A9 /* AppDelegate.swift in Sources */,
			);
			runOnlyForDeploymentPostprocessing = 0;
		};
		D9F7C93223429D3C0019B2A9 /* Sources */ = {
			isa = PBXSourcesBuildPhase;
			buildActionMask = 2147483647;
			files = (
				D9F7C93B23429D3C0019B2A9 /* Projeto2Tests.swift in Sources */,
			);
			runOnlyForDeploymentPostprocessing = 0;
		};
		D9F7C93D23429D3C0019B2A9 /* Sources */ = {
			isa = PBXSourcesBuildPhase;
			buildActionMask = 2147483647;
			files = (
				D9F7C94623429D3C0019B2A9 /* Projeto2UITests.swift in Sources */,
			);
			runOnlyForDeploymentPostprocessing = 0;
		};
/* End PBXSourcesBuildPhase section */

/* Begin PBXTargetDependency section */
		D9F7C93823429D3C0019B2A9 /* PBXTargetDependency */ = {
			isa = PBXTargetDependency;
			target = D9F7C92123429D3A0019B2A9 /* Projeto2 */;
			targetProxy = D9F7C93723429D3C0019B2A9 /* PBXContainerItemProxy */;
		};
		D9F7C94323429D3C0019B2A9 /* PBXTargetDependency */ = {
			isa = PBXTargetDependency;
			target = D9F7C92123429D3A0019B2A9 /* Projeto2 */;
			targetProxy = D9F7C94223429D3C0019B2A9 /* PBXContainerItemProxy */;
		};
/* End PBXTargetDependency section */

/* Begin PBXVariantGroup section */
		D9F7C92923429D3A0019B2A9 /* Main.storyboard */ = {
			isa = PBXVariantGroup;
			children = (
				D9F7C92A23429D3A0019B2A9 /* Base */,
			);
			name = Main.storyboard;
			sourceTree = "<group>";
		};
		D9F7C92E23429D3C0019B2A9 /* LaunchScreen.storyboard */ = {
			isa = PBXVariantGroup;
			children = (
				D9F7C92F23429D3C0019B2A9 /* Base */,
			);
			name = LaunchScreen.storyboard;
			sourceTree = "<group>";
		};
/* End PBXVariantGroup section */

/* Begin XCBuildConfiguration section */
		D9F7C94823429D3C0019B2A9 /* Debug */ = {
			isa = XCBuildConfiguration;
			buildSettings = {
				ALWAYS_SEARCH_USER_PATHS = NO;
				CLANG_ANALYZER_NONNULL = YES;
				CLANG_ANALYZER_NUMBER_OBJECT_CONVERSION = YES_AGGRESSIVE;
				CLANG_CXX_LANGUAGE_STANDARD = "gnu++14";
				CLANG_CXX_LIBRARY = "libc++";
				CLANG_ENABLE_MODULES = YES;
				CLANG_ENABLE_OBJC_ARC = YES;
				CLANG_ENABLE_OBJC_WEAK = YES;
				CLANG_WARN_BLOCK_CAPTURE_AUTORELEASING = YES;
				CLANG_WARN_BOOL_CONVERSION = YES;
				CLANG_WARN_COMMA = YES;
				CLANG_WARN_CONSTANT_CONVERSION = YES;
				CLANG_WARN_DEPRECATED_OBJC_IMPLEMENTATIONS = YES;
				CLANG_WARN_DIRECT_OBJC_ISA_USAGE = YES_ERROR;
				CLANG_WARN_DOCUMENTATION_COMMENTS = YES;
				CLANG_WARN_EMPTY_BODY = YES;
				CLANG_WARN_ENUM_CONVERSION = YES;
				CLANG_WARN_INFINITE_RECURSION = YES;
				CLANG_WARN_INT_CONVERSION = YES;
				CLANG_WARN_NON_LITERAL_NULL_CONVERSION = YES;
				CLANG_WARN_OBJC_IMPLICIT_RETAIN_SELF = YES;
				CLANG_WARN_OBJC_LITERAL_CONVERSION = YES;
				CLANG_WARN_OBJC_ROOT_CLASS = YES_ERROR;
				CLANG_WARN_RANGE_LOOP_ANALYSIS = YES;
				CLANG_WARN_STRICT_PROTOTYPES = YES;
				CLANG_WARN_SUSPICIOUS_MOVE = YES;
				CLANG_WARN_UNGUARDED_AVAILABILITY = YES_AGGRESSIVE;
				CLANG_WARN_UNREACHABLE_CODE = YES;
				CLANG_WARN__DUPLICATE_METHOD_MATCH = YES;
				CODE_SIGN_IDENTITY = "iPhone Developer";
				COPY_PHASE_STRIP = NO;
				DEBUG_INFORMATION_FORMAT = dwarf;
				ENABLE_STRICT_OBJC_MSGSEND = YES;
				ENABLE_TESTABILITY = YES;
				GCC_C_LANGUAGE_STANDARD = gnu11;
				GCC_DYNAMIC_NO_PIC = NO;
				GCC_NO_COMMON_BLOCKS = YES;
				GCC_OPTIMIZATION_LEVEL = 0;
				GCC_PREPROCESSOR_DEFINITIONS = (
					"DEBUG=1",
					"$(inherited)",
				);
				GCC_WARN_64_TO_32_BIT_CONVERSION = YES;
				GCC_WARN_ABOUT_RETURN_TYPE = YES_ERROR;
				GCC_WARN_UNDECLARED_SELECTOR = YES;
				GCC_WARN_UNINITIALIZED_AUTOS = YES_AGGRESSIVE;
				GCC_WARN_UNUSED_FUNCTION = YES;
				GCC_WARN_UNUSED_VARIABLE = YES;
				IPHONEOS_DEPLOYMENT_TARGET = 12.4;
				MTL_ENABLE_DEBUG_INFO = INCLUDE_SOURCE;
				MTL_FAST_MATH = YES;
				ONLY_ACTIVE_ARCH = YES;
				SDKROOT = iphoneos;
				SWIFT_ACTIVE_COMPILATION_CONDITIONS = DEBUG;
				SWIFT_OPTIMIZATION_LEVEL = "-Onone";
			};
			name = Debug;
		};
		D9F7C94923429D3C0019B2A9 /* Release */ = {
			isa = XCBuildConfiguration;
			buildSettings = {
				ALWAYS_SEARCH_USER_PATHS = NO;
				CLANG_ANALYZER_NONNULL = YES;
				CLANG_ANALYZER_NUMBER_OBJECT_CONVERSION = YES_AGGRESSIVE;
				CLANG_CXX_LANGUAGE_STANDARD = "gnu++14";
				CLANG_CXX_LIBRARY = "libc++";
				CLANG_ENABLE_MODULES = YES;
				CLANG_ENABLE_OBJC_ARC = YES;
				CLANG_ENABLE_OBJC_WEAK = YES;
				CLANG_WARN_BLOCK_CAPTURE_AUTORELEASING = YES;
				CLANG_WARN_BOOL_CONVERSION = YES;
				CLANG_WARN_COMMA = YES;
				CLANG_WARN_CONSTANT_CONVERSION = YES;
				CLANG_WARN_DEPRECATED_OBJC_IMPLEMENTATIONS = YES;
				CLANG_WARN_DIRECT_OBJC_ISA_USAGE = YES_ERROR;
				CLANG_WARN_DOCUMENTATION_COMMENTS = YES;
				CLANG_WARN_EMPTY_BODY = YES;
				CLANG_WARN_ENUM_CONVERSION = YES;
				CLANG_WARN_INFINITE_RECURSION = YES;
				CLANG_WARN_INT_CONVERSION = YES;
				CLANG_WARN_NON_LITERAL_NULL_CONVERSION = YES;
				CLANG_WARN_OBJC_IMPLICIT_RETAIN_SELF = YES;
				CLANG_WARN_OBJC_LITERAL_CONVERSION = YES;
				CLANG_WARN_OBJC_ROOT_CLASS = YES_ERROR;
				CLANG_WARN_RANGE_LOOP_ANALYSIS = YES;
				CLANG_WARN_STRICT_PROTOTYPES = YES;
				CLANG_WARN_SUSPICIOUS_MOVE = YES;
				CLANG_WARN_UNGUARDED_AVAILABILITY = YES_AGGRESSIVE;
				CLANG_WARN_UNREACHABLE_CODE = YES;
				CLANG_WARN__DUPLICATE_METHOD_MATCH = YES;
				CODE_SIGN_IDENTITY = "iPhone Developer";
				COPY_PHASE_STRIP = NO;
				DEBUG_INFORMATION_FORMAT = "dwarf-with-dsym";
				ENABLE_NS_ASSERTIONS = NO;
				ENABLE_STRICT_OBJC_MSGSEND = YES;
				GCC_C_LANGUAGE_STANDARD = gnu11;
				GCC_NO_COMMON_BLOCKS = YES;
				GCC_WARN_64_TO_32_BIT_CONVERSION = YES;
				GCC_WARN_ABOUT_RETURN_TYPE = YES_ERROR;
				GCC_WARN_UNDECLARED_SELECTOR = YES;
				GCC_WARN_UNINITIALIZED_AUTOS = YES_AGGRESSIVE;
				GCC_WARN_UNUSED_FUNCTION = YES;
				GCC_WARN_UNUSED_VARIABLE = YES;
				IPHONEOS_DEPLOYMENT_TARGET = 12.4;
				MTL_ENABLE_DEBUG_INFO = NO;
				MTL_FAST_MATH = YES;
				SDKROOT = iphoneos;
				SWIFT_COMPILATION_MODE = wholemodule;
				SWIFT_OPTIMIZATION_LEVEL = "-O";
				VALIDATE_PRODUCT = YES;
			};
			name = Release;
		};
		D9F7C94B23429D3C0019B2A9 /* Debug */ = {
			isa = XCBuildConfiguration;
			buildSettings = {
				ASSETCATALOG_COMPILER_APPICON_NAME = AppIcon;
				CODE_SIGN_STYLE = Automatic;
				INFOPLIST_FILE = Projeto2/Info.plist;
				LD_RUNPATH_SEARCH_PATHS = (
					"$(inherited)",
					"@executable_path/Frameworks",
				);
				PRODUCT_BUNDLE_IDENTIFIER = com.br.Projeto2;
				PRODUCT_NAME = "$(TARGET_NAME)";
				SWIFT_VERSION = 5.0;
				TARGETED_DEVICE_FAMILY = "1,2";
			};
			name = Debug;
		};
		D9F7C94C23429D3C0019B2A9 /* Release */ = {
			isa = XCBuildConfiguration;
			buildSettings = {
				ASSETCATALOG_COMPILER_APPICON_NAME = AppIcon;
				CODE_SIGN_STYLE = Automatic;
				INFOPLIST_FILE = Projeto2/Info.plist;
				LD_RUNPATH_SEARCH_PATHS = (
					"$(inherited)",
					"@executable_path/Frameworks",
				);
				PRODUCT_BUNDLE_IDENTIFIER = com.br.Projeto2;
				PRODUCT_NAME = "$(TARGET_NAME)";
				SWIFT_VERSION = 5.0;
				TARGETED_DEVICE_FAMILY = "1,2";
			};
			name = Release;
		};
		D9F7C94E23429D3C0019B2A9 /* Debug */ = {
			isa = XCBuildConfiguration;
			buildSettings = {
				ALWAYS_EMBED_SWIFT_STANDARD_LIBRARIES = YES;
				BUNDLE_LOADER = "$(TEST_HOST)";
				CODE_SIGN_STYLE = Automatic;
				INFOPLIST_FILE = Projeto2Tests/Info.plist;
				LD_RUNPATH_SEARCH_PATHS = (
					"$(inherited)",
					"@executable_path/Frameworks",
					"@loader_path/Frameworks",
				);
				PRODUCT_BUNDLE_IDENTIFIER = com.br.Projeto2Tests;
				PRODUCT_NAME = "$(TARGET_NAME)";
				SWIFT_VERSION = 5.0;
				TARGETED_DEVICE_FAMILY = "1,2";
				TEST_HOST = "$(BUILT_PRODUCTS_DIR)/Projeto2.app/Projeto2";
			};
			name = Debug;
		};
		D9F7C94F23429D3C0019B2A9 /* Release */ = {
			isa = XCBuildConfiguration;
			buildSettings = {
				ALWAYS_EMBED_SWIFT_STANDARD_LIBRARIES = YES;
				BUNDLE_LOADER = "$(TEST_HOST)";
				CODE_SIGN_STYLE = Automatic;
				INFOPLIST_FILE = Projeto2Tests/Info.plist;
				LD_RUNPATH_SEARCH_PATHS = (
					"$(inherited)",
					"@executable_path/Frameworks",
					"@loader_path/Frameworks",
				);
				PRODUCT_BUNDLE_IDENTIFIER = com.br.Projeto2Tests;
				PRODUCT_NAME = "$(TARGET_NAME)";
				SWIFT_VERSION = 5.0;
				TARGETED_DEVICE_FAMILY = "1,2";
				TEST_HOST = "$(BUILT_PRODUCTS_DIR)/Projeto2.app/Projeto2";
			};
			name = Release;
		};
		D9F7C95123429D3C0019B2A9 /* Debug */ = {
			isa = XCBuildConfiguration;
			buildSettings = {
				ALWAYS_EMBED_SWIFT_STANDARD_LIBRARIES = YES;
				CODE_SIGN_STYLE = Automatic;
				INFOPLIST_FILE = Projeto2UITests/Info.plist;
				LD_RUNPATH_SEARCH_PATHS = (
					"$(inherited)",
					"@executable_path/Frameworks",
					"@loader_path/Frameworks",
				);
				PRODUCT_BUNDLE_IDENTIFIER = com.br.Projeto2UITests;
				PRODUCT_NAME = "$(TARGET_NAME)";
				SWIFT_VERSION = 5.0;
				TARGETED_DEVICE_FAMILY = "1,2";
				TEST_TARGET_NAME = Projeto2;
			};
			name = Debug;
		};
		D9F7C95223429D3C0019B2A9 /* Release */ = {
			isa = XCBuildConfiguration;
			buildSettings = {
				ALWAYS_EMBED_SWIFT_STANDARD_LIBRARIES = YES;
				CODE_SIGN_STYLE = Automatic;
				INFOPLIST_FILE = Projeto2UITests/Info.plist;
				LD_RUNPATH_SEARCH_PATHS = (
					"$(inherited)",
					"@executable_path/Frameworks",
					"@loader_path/Frameworks",
				);
				PRODUCT_BUNDLE_IDENTIFIER = com.br.Projeto2UITests;
				PRODUCT_NAME = "$(TARGET_NAME)";
				SWIFT_VERSION = 5.0;
				TARGETED_DEVICE_FAMILY = "1,2";
				TEST_TARGET_NAME = Projeto2;
			};
			name = Release;
		};
/* End XCBuildConfiguration section */

/* Begin XCConfigurationList section */
		D9F7C91D23429D3A0019B2A9 /* Build configuration list for PBXProject "Projeto2" */ = {
			isa = XCConfigurationList;
			buildConfigurations = (
				D9F7C94823429D3C0019B2A9 /* Debug */,
				D9F7C94923429D3C0019B2A9 /* Release */,
			);
			defaultConfigurationIsVisible = 0;
			defaultConfigurationName = Release;
		};
		D9F7C94A23429D3C0019B2A9 /* Build configuration list for PBXNativeTarget "Projeto2" */ = {
			isa = XCConfigurationList;
			buildConfigurations = (
				D9F7C94B23429D3C0019B2A9 /* Debug */,
				D9F7C94C23429D3C0019B2A9 /* Release */,
			);
			defaultConfigurationIsVisible = 0;
			defaultConfigurationName = Release;
		};
		D9F7C94D23429D3C0019B2A9 /* Build configuration list for PBXNativeTarget "Projeto2Tests" */ = {
			isa = XCConfigurationList;
			buildConfigurations = (
				D9F7C94E23429D3C0019B2A9 /* Debug */,
				D9F7C94F23429D3C0019B2A9 /* Release */,
			);
			defaultConfigurationIsVisible = 0;
			defaultConfigurationName = Release;
		};
		D9F7C95023429D3C0019B2A9 /* Build configuration list for PBXNativeTarget "Projeto2UITests" */ = {
			isa = XCConfigurationList;
			buildConfigurations = (
				D9F7C95123429D3C0019B2A9 /* Debug */,
				D9F7C95223429D3C0019B2A9 /* Release */,
			);
			defaultConfigurationIsVisible = 0;
			defaultConfigurationName = Release;
		};
/* End XCConfigurationList section */
	};
	rootObject = D9F7C91A23429D3A0019B2A9 /* Project object */;
}
